
Microsoft Visual Studio Solution File, Format Version 12.00
# Visual Studio Version 17
VisualStudioVersion = 17.8.0.0
MinimumVisualStudioVersion = 17.8.0.0
Project("{9A19103F-16F7-4668-BE54-9A1E7A4F7556}") = "FullstackTemplate.AppHost", "FullstackTemplate.AppHost\FullstackTemplate.AppHost.csproj", "{25764901-65B5-45EB-9CB6-218DC5E8AB61}"
EndProject
Project("{9A19103F-16F7-4668-BE54-9A1E7A4F7556}") = "FullstackTemplate.Server", "FullstackTemplate.Server\FullstackTemplate.Server.csproj", "{2A054968-1B72-4793-A5B7-0E90A402929E}"
EndProject
Project("{54A90642-561A-4BB1-A94E-469ADEE60C69}") = "frontend", "frontend\frontend.esproj", "{91F0EF7F-B090-4652-97BA-FBDAF7770878}"
EndProject
Project("{FAE04EC0-301F-11D3-BF4B-00C04F79EFBC}") = "FullstackTemplate.Bff", "FullstackTemplate.Bff\FullstackTemplate.Bff.csproj", "{FE5A6A90-5221-41C8-B1BF-897F4E67C506}"
EndProject
Global
	GlobalSection(SolutionConfigurationPlatforms) = preSolution
		Debug|Any CPU = Debug|Any CPU
		Debug|x64 = Debug|x64
		Debug|x86 = Debug|x86
		Release|Any CPU = Release|Any CPU
		Release|x64 = Release|x64
		Release|x86 = Release|x86
	EndGlobalSection
	GlobalSection(ProjectConfigurationPlatforms) = postSolution
		{25764901-65B5-45EB-9CB6-218DC5E8AB61}.Debug|Any CPU.ActiveCfg = Debug|Any CPU
		{25764901-65B5-45EB-9CB6-218DC5E8AB61}.Debug|Any CPU.Build.0 = Debug|Any CPU
		{25764901-65B5-45EB-9CB6-218DC5E8AB61}.Debug|x64.ActiveCfg = Debug|Any CPU
		{25764901-65B5-45EB-9CB6-218DC5E8AB61}.Debug|x64.Build.0 = Debug|Any CPU
		{25764901-65B5-45EB-9CB6-218DC5E8AB61}.Debug|x86.ActiveCfg = Debug|Any CPU
		{25764901-65B5-45EB-9CB6-218DC5E8AB61}.Debug|x86.Build.0 = Debug|Any CPU
		{25764901-65B5-45EB-9CB6-218DC5E8AB61}.Release|Any CPU.ActiveCfg = Release|Any CPU
		{25764901-65B5-45EB-9CB6-218DC5E8AB61}.Release|Any CPU.Build.0 = Release|Any CPU
		{25764901-65B5-45EB-9CB6-218DC5E8AB61}.Release|x64.ActiveCfg = Release|Any CPU
		{25764901-65B5-45EB-9CB6-218DC5E8AB61}.Release|x64.Build.0 = Release|Any CPU
		{25764901-65B5-45EB-9CB6-218DC5E8AB61}.Release|x86.ActiveCfg = Release|Any CPU
		{25764901-65B5-45EB-9CB6-218DC5E8AB61}.Release|x86.Build.0 = Release|Any CPU
		{2A054968-1B72-4793-A5B7-0E90A402929E}.Debug|Any CPU.ActiveCfg = Debug|Any CPU
		{2A054968-1B72-4793-A5B7-0E90A402929E}.Debug|Any CPU.Build.0 = Debug|Any CPU
		{2A054968-1B72-4793-A5B7-0E90A402929E}.Debug|x64.ActiveCfg = Debug|Any CPU
		{2A054968-1B72-4793-A5B7-0E90A402929E}.Debug|x64.Build.0 = Debug|Any CPU
		{2A054968-1B72-4793-A5B7-0E90A402929E}.Debug|x86.ActiveCfg = Debug|Any CPU
		{2A054968-1B72-4793-A5B7-0E90A402929E}.Debug|x86.Build.0 = Debug|Any CPU
		{2A054968-1B72-4793-A5B7-0E90A402929E}.Release|Any CPU.ActiveCfg = Release|Any CPU
		{2A054968-1B72-4793-A5B7-0E90A402929E}.Release|Any CPU.Build.0 = Release|Any CPU
		{2A054968-1B72-4793-A5B7-0E90A402929E}.Release|x64.ActiveCfg = Release|Any CPU
		{2A054968-1B72-4793-A5B7-0E90A402929E}.Release|x64.Build.0 = Release|Any CPU
		{2A054968-1B72-4793-A5B7-0E90A402929E}.Release|x86.ActiveCfg = Release|Any CPU
		{2A054968-1B72-4793-A5B7-0E90A402929E}.Release|x86.Build.0 = Release|Any CPU
		{91F0EF7F-B090-4652-97BA-FBDAF7770878}.Debug|Any CPU.ActiveCfg = Debug|Any CPU
		{91F0EF7F-B090-4652-97BA-FBDAF7770878}.Debug|Any CPU.Build.0 = Debug|Any CPU
		{91F0EF7F-B090-4652-97BA-FBDAF7770878}.Debug|x64.ActiveCfg = Debug|x64
		{91F0EF7F-B090-4652-97BA-FBDAF7770878}.Debug|x86.ActiveCfg = Debug|x86
		{91F0EF7F-B090-4652-97BA-FBDAF7770878}.Release|Any CPU.ActiveCfg = Release|Any CPU
		{91F0EF7F-B090-4652-97BA-FBDAF7770878}.Release|Any CPU.Build.0 = Release|Any CPU
		{91F0EF7F-B090-4652-97BA-FBDAF7770878}.Release|x64.ActiveCfg = Release|x64
		{91F0EF7F-B090-4652-97BA-FBDAF7770878}.Release|x86.ActiveCfg = Release|x86
		{FE5A6A90-5221-41C8-B1BF-897F4E67C506}.Debug|Any CPU.ActiveCfg = Debug|Any CPU
		{FE5A6A90-5221-41C8-B1BF-897F4E67C506}.Debug|Any CPU.Build.0 = Debug|Any CPU
		{FE5A6A90-5221-41C8-B1BF-897F4E67C506}.Debug|x64.ActiveCfg = Debug|Any CPU
		{FE5A6A90-5221-41C8-B1BF-897F4E67C506}.Debug|x64.Build.0 = Debug|Any CPU
		{FE5A6A90-5221-41C8-B1BF-897F4E67C506}.Debug|x86.ActiveCfg = Debug|Any CPU
		{FE5A6A90-5221-41C8-B1BF-897F4E67C506}.Debug|x86.Build.0 = Debug|Any CPU
		{FE5A6A90-5221-41C8-B1BF-897F4E67C506}.Release|Any CPU.ActiveCfg = Release|Any CPU
		{FE5A6A90-5221-41C8-B1BF-897F4E67C506}.Release|Any CPU.Build.0 = Release|Any CPU
		{FE5A6A90-5221-41C8-B1BF-897F4E67C506}.Release|x64.ActiveCfg = Release|Any CPU
		{FE5A6A90-5221-41C8-B1BF-897F4E67C506}.Release|x64.Build.0 = Release|Any CPU
		{FE5A6A90-5221-41C8-B1BF-897F4E67C506}.Release|x86.ActiveCfg = Release|Any CPU
		{FE5A6A90-5221-41C8-B1BF-897F4E67C506}.Release|x86.Build.0 = Release|Any CPU
	EndGlobalSection
	GlobalSection(SolutionProperties) = preSolution
		HideSolutionNode = FALSE
	EndGlobalSection
	GlobalSection(ExtensibilityGlobals) = postSolution
		SolutionGuid = {4C10ED0E-4114-4F21-832A-F472C56A6832}
	EndGlobalSection
EndGlobal
